
Microsoft Visual Studio Solution File, Format Version 12.00
# Visual Studio Version 17
VisualStudioVersion = 17.3.32714.290
MinimumVisualStudioVersion = 10.0.40219.1
Project("{FAE04EC0-301F-11D3-BF4B-00C04F79EFBC}") = "RentedMemory", "RentedMemory.csproj", "{9855F902-CDBD-4097-B2B2-90DA400BF9D0}"
EndProject
Global
	GlobalSection(SolutionConfigurationPlatforms) = preSolution
		Debug|Any CPU = Debug|Any CPU
		Release|Any CPU = Release|Any CPU
	EndGlobalSection
	GlobalSection(ProjectConfigurationPlatforms) = postSolution
		{9855F902-CDBD-4097-B2B2-90DA400BF9D0}.Debug|Any CPU.ActiveCfg = Debug|Any CPU
		{9855F902-CDBD-4097-B2B2-90DA400BF9D0}.Debug|Any CPU.Build.0 = Debug|Any CPU
		{9855F902-CDBD-4097-B2B2-90DA400BF9D0}.Release|Any CPU.ActiveCfg = Release|Any CPU
		{9855F902-CDBD-4097-B2B2-90DA400BF9D0}.Release|Any CPU.Build.0 = Release|Any CPU
	EndGlobalSection
	GlobalSection(SolutionProperties) = preSolution
		HideSolutionNode = FALSE
	EndGlobalSection
	GlobalSection(ExtensibilityGlobals) = postSolution
		SolutionGuid = {E7354EB4-C5F1-435D-B78F-C9B54992696C}
	EndGlobalSection
EndGlobal
